// !$*UTF8*$!
{
	archiveVersion = 1;
	classes = {
	};
	objectVersion = 48;
	objects = {

/* Begin PBXBuildFile section */
		9040E95E1FD3958900C8E3F4 /* AppDelegate.swift in Sources */ = {isa = PBXBuildFile; fileRef = 9040E95D1FD3958900C8E3F4 /* AppDelegate.swift */; };
		9040E9601FD3958900C8E3F4 /* ViewController.swift in Sources */ = {isa = PBXBuildFile; fileRef = 9040E95F1FD3958900C8E3F4 /* ViewController.swift */; };
		9040E9631FD3958900C8E3F4 /* Main.storyboard in Resources */ = {isa = PBXBuildFile; fileRef = 9040E9611FD3958900C8E3F4 /* Main.storyboard */; };
		9040E9651FD3958900C8E3F4 /* Assets.xcassets in Resources */ = {isa = PBXBuildFile; fileRef = 9040E9641FD3958900C8E3F4 /* Assets.xcassets */; };
		9040E9681FD3958900C8E3F4 /* LaunchScreen.storyboard in Resources */ = {isa = PBXBuildFile; fileRef = 9040E9661FD3958900C8E3F4 /* LaunchScreen.storyboard */; };
		9040E9701FD3A8BA00C8E3F4 /* SwiftyJSON.swift in Sources */ = {isa = PBXBuildFile; fileRef = 9040E96F1FD3A8BA00C8E3F4 /* SwiftyJSON.swift */; };
		9040E9721FD3F79D00C8E3F4 /* Book.swift in Sources */ = {isa = PBXBuildFile; fileRef = 9040E9711FD3F79D00C8E3F4 /* Book.swift */; };
		9040E9A81FD48DC400C8E3F4 /* BookTableViewCell.swift in Sources */ = {isa = PBXBuildFile; fileRef = 9040E9A71FD48DC400C8E3F4 /* BookTableViewCell.swift */; };
/* End PBXBuildFile section */

/* Begin PBXFileReference section */
		9040E95A1FD3958900C8E3F4 /* codingTest.app */ = {isa = PBXFileReference; explicitFileType = wrapper.application; includeInIndex = 0; path = codingTest.app; sourceTree = BUILT_PRODUCTS_DIR; };
		9040E95D1FD3958900C8E3F4 /* AppDelegate.swift */ = {isa = PBXFileReference; lastKnownFileType = sourcecode.swift; path = AppDelegate.swift; sourceTree = "<group>"; };
		9040E95F1FD3958900C8E3F4 /* ViewController.swift */ = {isa = PBXFileReference; lastKnownFileType = sourcecode.swift; path = ViewController.swift; sourceTree = "<group>"; };
		9040E9621FD3958900C8E3F4 /* Base */ = {isa = PBXFileReference; lastKnownFileType = file.storyboard; name = Base; path = Base.lproj/Main.storyboard; sourceTree = "<group>"; };
		9040E9641FD3958900C8E3F4 /* Assets.xcassets */ = {isa = PBXFileReference; lastKnownFileType = folder.assetcatalog; path = Assets.xcassets; sourceTree = "<group>"; };
		9040E9671FD3958900C8E3F4 /* Base */ = {isa = PBXFileReference; lastKnownFileType = file.storyboard; name = Base; path = Base.lproj/LaunchScreen.storyboard; sourceTree = "<group>"; };
		9040E9691FD3958900C8E3F4 /* Info.plist */ = {isa = PBXFileReference; lastKnownFileType = text.plist.xml; path = Info.plist; sourceTree = "<group>"; };
		9040E96F1FD3A8BA00C8E3F4 /* SwiftyJSON.swift */ = {isa = PBXFileReference; fileEncoding = 4; lastKnownFileType = sourcecode.swift; path = SwiftyJSON.swift; sourceTree = "<group>"; };
		9040E9711FD3F79D00C8E3F4 /* Book.swift */ = {isa = PBXFileReference; lastKnownFileType = sourcecode.swift; path = Book.swift; sourceTree = "<group>"; };
		9040E9A71FD48DC400C8E3F4 /* BookTableViewCell.swift */ = {isa = PBXFileReference; lastKnownFileType = sourcecode.swift; path = BookTableViewCell.swift; sourceTree = "<group>"; };
/* End PBXFileReference section */

/* Begin PBXFrameworksBuildPhase section */
		9040E9571FD3958900C8E3F4 /* Frameworks */ = {
			isa = PBXFrameworksBuildPhase;
			buildActionMask = 2147483647;
			files = (
			);
			runOnlyForDeploymentPostprocessing = 0;
		};
/* End PBXFrameworksBuildPhase section */

/* Begin PBXGroup section */
		9040E9511FD3958900C8E3F4 = {
			isa = PBXGroup;
			children = (
				9040E95C1FD3958900C8E3F4 /* codingTest */,
				9040E95B1FD3958900C8E3F4 /* Products */,
			);
			sourceTree = "<group>";
		};
		9040E95B1FD3958900C8E3F4 /* Products */ = {
			isa = PBXGroup;
			children = (
				9040E95A1FD3958900C8E3F4 /* codingTest.app */,
			);
			name = Products;
			sourceTree = "<group>";
		};
		9040E95C1FD3958900C8E3F4 /* codingTest */ = {
			isa = PBXGroup;
			children = (
				9040E95D1FD3958900C8E3F4 /* AppDelegate.swift */,
				9040E95F1FD3958900C8E3F4 /* ViewController.swift */,
				9040E9711FD3F79D00C8E3F4 /* Book.swift */,
				9040E9611FD3958900C8E3F4 /* Main.storyboard */,
				9040E9A71FD48DC400C8E3F4 /* BookTableViewCell.swift */,
				9040E9641FD3958900C8E3F4 /* Assets.xcassets */,
				9040E9661FD3958900C8E3F4 /* LaunchScreen.storyboard */,
				9040E9691FD3958900C8E3F4 /* Info.plist */,
				9040E96F1FD3A8BA00C8E3F4 /* SwiftyJSON.swift */,
			);
			path = codingTest;
			sourceTree = "<group>";
		};
/* End PBXGroup section */

/* Begin PBXNativeTarget section */
		9040E9591FD3958900C8E3F4 /* codingTest */ = {
			isa = PBXNativeTarget;
			buildConfigurationList = 9040E96C1FD3958900C8E3F4 /* Build configuration list for PBXNativeTarget "codingTest" */;
			buildPhases = (
				9040E9561FD3958900C8E3F4 /* Sources */,
				9040E9571FD3958900C8E3F4 /* Frameworks */,
				9040E9581FD3958900C8E3F4 /* Resources */,
			);
			buildRules = (
			);
			dependencies = (
			);
			name = codingTest;
			productName = codingTest;
			productReference = 9040E95A1FD3958900C8E3F4 /* codingTest.app */;
			productType = "com.apple.product-type.application";
		};
/* End PBXNativeTarget section */

/* Begin PBXProject section */
		9040E9521FD3958900C8E3F4 /* Project object */ = {
			isa = PBXProject;
			attributes = {
				LastSwiftUpdateCheck = 0910;
				LastUpgradeCheck = 0910;
				ORGANIZATIONNAME = "Suleman Imdad";
				TargetAttributes = {
					9040E9591FD3958900C8E3F4 = {
						CreatedOnToolsVersion = 9.1;
						ProvisioningStyle = Automatic;
					};
				};
			};
			buildConfigurationList = 9040E9551FD3958900C8E3F4 /* Build configuration list for PBXProject "codingTest" */;
			compatibilityVersion = "Xcode 8.0";
			developmentRegion = en;
			hasScannedForEncodings = 0;
			knownRegions = (
				en,
				Base,
			);
			mainGroup = 9040E9511FD3958900C8E3F4;
			productRefGroup = 9040E95B1FD3958900C8E3F4 /* Products */;
			projectDirPath = "";
			projectRoot = "";
			targets = (
				9040E9591FD3958900C8E3F4 /* codingTest */,
			);
		};
/* End PBXProject section */

/* Begin PBXResourcesBuildPhase section */
		9040E9581FD3958900C8E3F4 /* Resources */ = {
			isa = PBXResourcesBuildPhase;
			buildActionMask = 2147483647;
			files = (
				9040E9681FD3958900C8E3F4 /* LaunchScreen.storyboard in Resources */,
				9040E9651FD3958900C8E3F4 /* Assets.xcassets in Resources */,
				9040E9631FD3958900C8E3F4 /* Main.storyboard in Resources */,
			);
			runOnlyForDeploymentPostprocessing = 0;
		};
/* End PBXResourcesBuildPhase section */

/* Begin PBXSourcesBuildPhase section */
		9040E9561FD3958900C8E3F4 /* Sources */ = {
			isa = PBXSourcesBuildPhase;
			buildActionMask = 2147483647;
			files = (
				9040E9721FD3F79D00C8E3F4 /* Book.swift in Sources */,
				9040E9701FD3A8BA00C8E3F4 /* SwiftyJSON.swift in Sources */,
				9040E9601FD3958900C8E3F4 /* ViewController.swift in Sources */,
				9040E9A81FD48DC400C8E3F4 /* BookTableViewCell.swift in Sources */,
				9040E95E1FD3958900C8E3F4 /* AppDelegate.swift in Sources */,
			);
			runOnlyForDeploymentPostprocessing = 0;
		};
/* End PBXSourcesBuildPhase section */

/* Begin PBXVariantGroup section */
		9040E9611FD3958900C8E3F4 /* Main.storyboard */ = {
			isa = PBXVariantGroup;
			children = (
				9040E9621FD3958900C8E3F4 /* Base */,
			);
			name = Main.storyboard;
			sourceTree = "<group>";
		};
		9040E9661FD3958900C8E3F4 /* LaunchScreen.storyboard */ = {
			isa = PBXVariantGroup;
			children = (
				9040E9671FD3958900C8E3F4 /* Base */,
			);
			name = LaunchScreen.storyboard;
			sourceTree = "<group>";
		};
/* End PBXVariantGroup section */

/* Begin XCBuildConfiguration section */
		9040E96A1FD3958900C8E3F4 /* Debug */ = {
			isa = XCBuildConfiguration;
			buildSettings = {
				ALWAYS_SEARCH_USER_PATHS = NO;
				CLANG_ANALYZER_NONNULL = YES;
				CLANG_ANALYZER_NUMBER_OBJECT_CONVERSION = YES_AGGRESSIVE;
				CLANG_CXX_LANGUAGE_STANDARD = "gnu++14";
				CLANG_CXX_LIBRARY = "libc++";
				CLANG_ENABLE_MODULES = YES;
				CLANG_ENABLE_OBJC_ARC = YES;
				CLANG_WARN_BLOCK_CAPTURE_AUTORELEASING = YES;
				CLANG_WARN_BOOL_CONVERSION = YES;
				CLANG_WARN_COMMA = YES;
				CLANG_WARN_CONSTANT_CONVERSION = YES;
				CLANG_WARN_DIRECT_OBJC_ISA_USAGE = YES_ERROR;
				CLANG_WARN_DOCUMENTATION_COMMENTS = YES;
				CLANG_WARN_EMPTY_BODY = YES;
				CLANG_WARN_ENUM_CONVERSION = YES;
				CLANG_WARN_INFINITE_RECURSION = YES;
				CLANG_WARN_INT_CONVERSION = YES;
				CLANG_WARN_NON_LITERAL_NULL_CONVERSION = YES;
				CLANG_WARN_OBJC_LITERAL_CONVERSION = YES;
				CLANG_WARN_OBJC_ROOT_CLASS = YES_ERROR;
				CLANG_WARN_RANGE_LOOP_ANALYSIS = YES;
				CLANG_WARN_STRICT_PROTOTYPES = YES;
				CLANG_WARN_SUSPICIOUS_MOVE = YES;
				CLANG_WARN_UNGUARDED_AVAILABILITY = YES_AGGRESSIVE;
				CLANG_WARN_UNREACHABLE_CODE = YES;
				CLANG_WARN__DUPLICATE_METHOD_MATCH = YES;
				CODE_SIGN_IDENTITY = "iPhone Developer";
				COPY_PHASE_STRIP = NO;
				DEBUG_INFORMATION_FORMAT = dwarf;
				ENABLE_STRICT_OBJC_MSGSEND = YES;
				ENABLE_TESTABILITY = YES;
				GCC_C_LANGUAGE_STANDARD = gnu11;
				GCC_DYNAMIC_NO_PIC = NO;
				GCC_NO_COMMON_BLOCKS = YES;
				GCC_OPTIMIZATION_LEVEL = 0;
				GCC_PREPROCESSOR_DEFINITIONS = (
					"DEBUG=1",
					"$(inherited)",
				);
				GCC_WARN_64_TO_32_BIT_CONVERSION = YES;
				GCC_WARN_ABOUT_RETURN_TYPE = YES_ERROR;
				GCC_WARN_UNDECLARED_SELECTOR = YES;
				GCC_WARN_UNINITIALIZED_AUTOS = YES_AGGRESSIVE;
				GCC_WARN_UNUSED_FUNCTION = YES;
				GCC_WARN_UNUSED_VARIABLE = YES;
				IPHONEOS_DEPLOYMENT_TARGET = 11.1;
				MTL_ENABLE_DEBUG_INFO = YES;
				ONLY_ACTIVE_ARCH = YES;
				SDKROOT = iphoneos;
				SWIFT_ACTIVE_COMPILATION_CONDITIONS = DEBUG;
				SWIFT_OPTIMIZATION_LEVEL = "-Onone";
			};
			name = Debug;
		};
		9040E96B1FD3958900C8E3F4 /* Release */ = {
			isa = XCBuildConfiguration;
			buildSettings = {
				ALWAYS_SEARCH_USER_PATHS = NO;
				CLANG_ANALYZER_NONNULL = YES;
				CLANG_ANALYZER_NUMBER_OBJECT_CONVERSION = YES_AGGRESSIVE;
				CLANG_CXX_LANGUAGE_STANDARD = "gnu++14";
				CLANG_CXX_LIBRARY = "libc++";
				CLANG_ENABLE_MODULES = YES;
				CLANG_ENABLE_OBJC_ARC = YES;
				CLANG_WARN_BLOCK_CAPTURE_AUTORELEASING = YES;
				CLANG_WARN_BOOL_CONVERSION = YES;
				CLANG_WARN_COMMA = YES;
				CLANG_WARN_CONSTANT_CONVERSION = YES;
				CLANG_WARN_DIRECT_OBJC_ISA_USAGE = YES_ERROR;
				CLANG_WARN_DOCUMENTATION_COMMENTS = YES;
				CLANG_WARN_EMPTY_BODY = YES;
				CLANG_WARN_ENUM_CONVERSION = YES;
				CLANG_WARN_INFINITE_RECURSION = YES;
				CLANG_WARN_INT_CONVERSION = YES;
				CLANG_WARN_NON_LITERAL_NULL_CONVERSION = YES;
				CLANG_WARN_OBJC_LITERAL_CONVERSION = YES;
				CLANG_WARN_OBJC_ROOT_CLASS = YES_ERROR;
				CLANG_WARN_RANGE_LOOP_ANALYSIS = YES;
				CLANG_WARN_STRICT_PROTOTYPES = YES;
				CLANG_WARN_SUSPICIOUS_MOVE = YES;
				CLANG_WARN_UNGUARDED_AVAILABILITY = YES_AGGRESSIVE;
				CLANG_WARN_UNREACHABLE_CODE = YES;
				CLANG_WARN__DUPLICATE_METHOD_MATCH = YES;
				CODE_SIGN_IDENTITY = "iPhone Developer";
				COPY_PHASE_STRIP = NO;
				DEBUG_INFORMATION_FORMAT = "dwarf-with-dsym";
				ENABLE_NS_ASSERTIONS = NO;
				ENABLE_STRICT_OBJC_MSGSEND = YES;
				GCC_C_LANGUAGE_STANDARD = gnu11;
				GCC_NO_COMMON_BLOCKS = YES;
				GCC_WARN_64_TO_32_BIT_CONVERSION = YES;
				GCC_WARN_ABOUT_RETURN_TYPE = YES_ERROR;
				GCC_WARN_UNDECLARED_SELECTOR = YES;
				GCC_WARN_UNINITIALIZED_AUTOS = YES_AGGRESSIVE;
				GCC_WARN_UNUSED_FUNCTION = YES;
				GCC_WARN_UNUSED_VARIABLE = YES;
				IPHONEOS_DEPLOYMENT_TARGET = 11.1;
				MTL_ENABLE_DEBUG_INFO = NO;
				SDKROOT = iphoneos;
				SWIFT_OPTIMIZATION_LEVEL = "-Owholemodule";
				VALIDATE_PRODUCT = YES;
			};
			name = Release;
		};
		9040E96D1FD3958900C8E3F4 /* Debug */ = {
			isa = XCBuildConfiguration;
			buildSettings = {
				ASSETCATALOG_COMPILER_APPICON_NAME = AppIcon;
				"CODE_SIGN_IDENTITY[sdk=iphoneos*]" = "iPhone Developer";
				CODE_SIGN_STYLE = Automatic;
				DEVELOPMENT_TEAM = 9PGND8ZTJ6;
				INFOPLIST_FILE = codingTest/Info.plist;
				LD_RUNPATH_SEARCH_PATHS = "$(inherited) @executable_path/Frameworks";
				PRODUCT_BUNDLE_IDENTIFIER = ws.submission.codingTest;
				PRODUCT_NAME = "$(TARGET_NAME)";
				PROVISIONING_PROFILE_SPECIFIER = "";
				SWIFT_VERSION = 4.0;
				TARGETED_DEVICE_FAMILY = "1,2";
			};
			name = Debug;
		};
		9040E96E1FD3958900C8E3F4 /* Release */ = {
			isa = XCBuildConfiguration;
			buildSettings = {
				ASSETCATALOG_COMPILER_APPICON_NAME = AppIcon;
				"CODE_SIGN_IDENTITY[sdk=iphoneos*]" = "iPhone Developer";
				CODE_SIGN_STYLE = Automatic;
				DEVELOPMENT_TEAM = 9PGND8ZTJ6;
				INFOPLIST_FILE = codingTest/Info.plist;
				LD_RUNPATH_SEARCH_PATHS = "$(inherited) @executable_path/Frameworks";
				PRODUCT_BUNDLE_IDENTIFIER = ws.submission.codingTest;
				PRODUCT_NAME = "$(TARGET_NAME)";
				PROVISIONING_PROFILE_SPECIFIER = "";
				SWIFT_VERSION = 4.0;
				TARGETED_DEVICE_FAMILY = "1,2";
			};
			name = Release;
		};
/* End XCBuildConfiguration section */

/* Begin XCConfigurationList section */
		9040E9551FD3958900C8E3F4 /* Build configuration list for PBXProject "codingTest" */ = {
			isa = XCConfigurationList;
			buildConfigurations = (
				9040E96A1FD3958900C8E3F4 /* Debug */,
				9040E96B1FD3958900C8E3F4 /* Release */,
			);
			defaultConfigurationIsVisible = 0;
			defaultConfigurationName = Release;
		};
		9040E96C1FD3958900C8E3F4 /* Build configuration list for PBXNativeTarget "codingTest" */ = {
			isa = XCConfigurationList;
			buildConfigurations = (
				9040E96D1FD3958900C8E3F4 /* Debug */,
				9040E96E1FD3958900C8E3F4 /* Release */,
			);
			defaultConfigurationIsVisible = 0;
			defaultConfigurationName = Release;
		};
/* End XCConfigurationList section */
	};
	rootObject = 9040E9521FD3958900C8E3F4 /* Project object */;
}
